
Microsoft Visual Studio Solution File, Format Version 12.00
# Visual Studio 2013
VisualStudioVersion = 12.0.30110.0
MinimumVisualStudioVersion = 10.0.40219.1
Project("{FAE04EC0-301F-11D3-BF4B-00C04F79EFBC}") = "RxSQLNotify", "RxSQLNotify\RxSQLNotify.csproj", "{F45B9EFD-7D42-4C6D-970E-1C339DFA6374}"
EndProject
Project("{FAE04EC0-301F-11D3-BF4B-00C04F79EFBC}") = "RxSQLNotify.Tests", "RxSQLNotify.Tests\RxSQLNotify.Tests.csproj", "{7F589843-9D9C-4308-8410-69623EE5C07C}"
EndProject
Global
	GlobalSection(SolutionConfigurationPlatforms) = preSolution
		Debug|Any CPU = Debug|Any CPU
		Release|Any CPU = Release|Any CPU
	EndGlobalSection
	GlobalSection(ProjectConfigurationPlatforms) = postSolution
		{F45B9EFD-7D42-4C6D-970E-1C339DFA6374}.Debug|Any CPU.ActiveCfg = Debug|Any CPU
		{F45B9EFD-7D42-4C6D-970E-1C339DFA6374}.Debug|Any CPU.Build.0 = Debug|Any CPU
		{F45B9EFD-7D42-4C6D-970E-1C339DFA6374}.Release|Any CPU.ActiveCfg = Release|Any CPU
		{F45B9EFD-7D42-4C6D-970E-1C339DFA6374}.Release|Any CPU.Build.0 = Release|Any CPU
		{7F589843-9D9C-4308-8410-69623EE5C07C}.Debug|Any CPU.ActiveCfg = Debug|Any CPU
		{7F589843-9D9C-4308-8410-69623EE5C07C}.Debug|Any CPU.Build.0 = Debug|Any CPU
		{7F589843-9D9C-4308-8410-69623EE5C07C}.Release|Any CPU.ActiveCfg = Release|Any CPU
		{7F589843-9D9C-4308-8410-69623EE5C07C}.Release|Any CPU.Build.0 = Release|Any CPU
	EndGlobalSection
	GlobalSection(SolutionProperties) = preSolution
		HideSolutionNode = FALSE
	EndGlobalSection
EndGlobal
